
Microsoft Visual Studio Solution File, Format Version 12.00
Project("{FAE04EC0-301F-11D3-BF4B-00C04F79EFBC}") = "MyImplementation", "MyImplementation.csproj", "{1DC9A18D-B6DC-406E-AB15-B89AD8B87567}"
EndProject
Global
	GlobalSection(SolutionConfigurationPlatforms) = preSolution
		Debug|Any CPU = Debug|Any CPU
		Release|Any CPU = Release|Any CPU
	EndGlobalSection
	GlobalSection(ProjectConfigurationPlatforms) = postSolution
		{1DC9A18D-B6DC-406E-AB15-B89AD8B87567}.Debug|Any CPU.ActiveCfg = Debug|Any CPU
		{1DC9A18D-B6DC-406E-AB15-B89AD8B87567}.Debug|Any CPU.Build.0 = Debug|Any CPU
		{1DC9A18D-B6DC-406E-AB15-B89AD8B87567}.Release|Any CPU.ActiveCfg = Release|Any CPU
		{1DC9A18D-B6DC-406E-AB15-B89AD8B87567}.Release|Any CPU.Build.0 = Release|Any CPU
	EndGlobalSection
EndGlobal
