
Microsoft Visual Studio Solution File, Format Version 12.00
# Visual Studio Version 17
VisualStudioVersion = 17.2.32616.157
MinimumVisualStudioVersion = 10.0.40219.1
Project("{FAE04EC0-301F-11D3-BF4B-00C04F79EFBC}") = "ExerciciosPropostos", "ExerciciosPropostos.csproj", "{62B065C6-3DE8-46EC-981C-7295D15949F5}"
EndProject
Global
	GlobalSection(SolutionConfigurationPlatforms) = preSolution
		Debug|Any CPU = Debug|Any CPU
		Release|Any CPU = Release|Any CPU
	EndGlobalSection
	GlobalSection(ProjectConfigurationPlatforms) = postSolution
		{62B065C6-3DE8-46EC-981C-7295D15949F5}.Debug|Any CPU.ActiveCfg = Debug|Any CPU
		{62B065C6-3DE8-46EC-981C-7295D15949F5}.Debug|Any CPU.Build.0 = Debug|Any CPU
		{62B065C6-3DE8-46EC-981C-7295D15949F5}.Release|Any CPU.ActiveCfg = Release|Any CPU
		{62B065C6-3DE8-46EC-981C-7295D15949F5}.Release|Any CPU.Build.0 = Release|Any CPU
	EndGlobalSection
	GlobalSection(SolutionProperties) = preSolution
		HideSolutionNode = FALSE
	EndGlobalSection
	GlobalSection(ExtensibilityGlobals) = postSolution
		SolutionGuid = {00726AAC-7A40-43CF-9EE5-C1042D0226D6}
	EndGlobalSection
EndGlobal
